
Microsoft Visual Studio Solution File, Format Version 12.00
# Visual Studio Version 17
VisualStudioVersion = 17.1.32319.34
MinimumVisualStudioVersion = 10.0.40219.1
Project("{8BC9CEB8-8B4A-11D0-8D11-00A0C91BC942}") = "Test", "Test\Test.vcxproj", "{3386CC53-F94A-4A9A-80C3-64B4DE2FF040}"
EndProject
Global
	GlobalSection(SolutionConfigurationPlatforms) = preSolution
		Debug|x64 = Debug|x64
		Debug|x86 = Debug|x86
		Release|x64 = Release|x64
		Release|x86 = Release|x86
	EndGlobalSection
	GlobalSection(ProjectConfigurationPlatforms) = postSolution
		{3386CC53-F94A-4A9A-80C3-64B4DE2FF040}.Debug|x64.ActiveCfg = Debug|x64
		{3386CC53-F94A-4A9A-80C3-64B4DE2FF040}.Debug|x64.Build.0 = Debug|x64
		{3386CC53-F94A-4A9A-80C3-64B4DE2FF040}.Debug|x86.ActiveCfg = Debug|Win32
		{3386CC53-F94A-4A9A-80C3-64B4DE2FF040}.Debug|x86.Build.0 = Debug|Win32
		{3386CC53-F94A-4A9A-80C3-64B4DE2FF040}.Release|x64.ActiveCfg = Release|x64
		{3386CC53-F94A-4A9A-80C3-64B4DE2FF040}.Release|x64.Build.0 = Release|x64
		{3386CC53-F94A-4A9A-80C3-64B4DE2FF040}.Release|x86.ActiveCfg = Release|Win32
		{3386CC53-F94A-4A9A-80C3-64B4DE2FF040}.Release|x86.Build.0 = Release|Win32
	EndGlobalSection
	GlobalSection(SolutionProperties) = preSolution
		HideSolutionNode = FALSE
	EndGlobalSection
	GlobalSection(ExtensibilityGlobals) = postSolution
		SolutionGuid = {D0291229-D9C3-4652-A3FF-405BBA13951F}
	EndGlobalSection
EndGlobal
